// !$*UTF8*$!
{
	archiveVersion = 1;
	classes = {
	};
	objectVersion = 56;
	objects = {

/* Begin PBXBuildFile section */
		AC0316512B0F9E17004F7C41 /* MainView.swift in Sources */ = {isa = PBXBuildFile; fileRef = AC0316502B0F9E17004F7C41 /* MainView.swift */; };
		AC0316532B0F9ECE004F7C41 /* MovieCell.swift in Sources */ = {isa = PBXBuildFile; fileRef = AC0316522B0F9ECE004F7C41 /* MovieCell.swift */; };
		AC0316552B0FA58D004F7C41 /* MovieDetailMain.swift in Sources */ = {isa = PBXBuildFile; fileRef = AC0316542B0FA58D004F7C41 /* MovieDetailMain.swift */; };
		AC0316572B0FA796004F7C41 /* readmoreView.swift in Sources */ = {isa = PBXBuildFile; fileRef = AC0316562B0FA796004F7C41 /* readmoreView.swift */; };
		AC0316592B0FA9AE004F7C41 /* AVPlayer.swift in Sources */ = {isa = PBXBuildFile; fileRef = AC0316582B0FA9AE004F7C41 /* AVPlayer.swift */; };
		AC03165B2B0FAA23004F7C41 /* AVPlayermodel.swift in Sources */ = {isa = PBXBuildFile; fileRef = AC03165A2B0FAA23004F7C41 /* AVPlayermodel.swift */; };
		AC28BBAC2B0F736F00E071D3 /* MovieCloneAppApp.swift in Sources */ = {isa = PBXBuildFile; fileRef = AC28BBAB2B0F736F00E071D3 /* MovieCloneAppApp.swift */; };
		AC28BBAE2B0F736F00E071D3 /* ContentView.swift in Sources */ = {isa = PBXBuildFile; fileRef = AC28BBAD2B0F736F00E071D3 /* ContentView.swift */; };
		AC28BBB02B0F737000E071D3 /* Assets.xcassets in Resources */ = {isa = PBXBuildFile; fileRef = AC28BBAF2B0F737000E071D3 /* Assets.xcassets */; };
		AC28BBB32B0F737000E071D3 /* Preview Assets.xcassets in Resources */ = {isa = PBXBuildFile; fileRef = AC28BBB22B0F737000E071D3 /* Preview Assets.xcassets */; };
		AC28BBBC2B0F965000E071D3 /* SidebarMainView.swift in Sources */ = {isa = PBXBuildFile; fileRef = AC28BBBB2B0F965000E071D3 /* SidebarMainView.swift */; };
		AC28BBC02B0F98F600E071D3 /* MovieData.swift in Sources */ = {isa = PBXBuildFile; fileRef = AC28BBBF2B0F98F600E071D3 /* MovieData.swift */; };
/* End PBXBuildFile section */

/* Begin PBXFileReference section */
		AC0316502B0F9E17004F7C41 /* MainView.swift */ = {isa = PBXFileReference; lastKnownFileType = sourcecode.swift; path = MainView.swift; sourceTree = "<group>"; };
		AC0316522B0F9ECE004F7C41 /* MovieCell.swift */ = {isa = PBXFileReference; lastKnownFileType = sourcecode.swift; path = MovieCell.swift; sourceTree = "<group>"; };
		AC0316542B0FA58D004F7C41 /* MovieDetailMain.swift */ = {isa = PBXFileReference; lastKnownFileType = sourcecode.swift; path = MovieDetailMain.swift; sourceTree = "<group>"; };
		AC0316562B0FA796004F7C41 /* readmoreView.swift */ = {isa = PBXFileReference; lastKnownFileType = sourcecode.swift; path = readmoreView.swift; sourceTree = "<group>"; };
		AC0316582B0FA9AE004F7C41 /* AVPlayer.swift */ = {isa = PBXFileReference; lastKnownFileType = sourcecode.swift; path = AVPlayer.swift; sourceTree = "<group>"; };
		AC03165A2B0FAA23004F7C41 /* AVPlayermodel.swift */ = {isa = PBXFileReference; lastKnownFileType = sourcecode.swift; path = AVPlayermodel.swift; sourceTree = "<group>"; };
		AC28BBA82B0F736F00E071D3 /* MovieCloneApp.app */ = {isa = PBXFileReference; explicitFileType = wrapper.application; includeInIndex = 0; path = MovieCloneApp.app; sourceTree = BUILT_PRODUCTS_DIR; };
		AC28BBAB2B0F736F00E071D3 /* MovieCloneAppApp.swift */ = {isa = PBXFileReference; lastKnownFileType = sourcecode.swift; path = MovieCloneAppApp.swift; sourceTree = "<group>"; };
		AC28BBAD2B0F736F00E071D3 /* ContentView.swift */ = {isa = PBXFileReference; lastKnownFileType = sourcecode.swift; path = ContentView.swift; sourceTree = "<group>"; };
		AC28BBAF2B0F737000E071D3 /* Assets.xcassets */ = {isa = PBXFileReference; lastKnownFileType = folder.assetcatalog; path = Assets.xcassets; sourceTree = "<group>"; };
		AC28BBB22B0F737000E071D3 /* Preview Assets.xcassets */ = {isa = PBXFileReference; lastKnownFileType = folder.assetcatalog; path = "Preview Assets.xcassets"; sourceTree = "<group>"; };
		AC28BBBB2B0F965000E071D3 /* SidebarMainView.swift */ = {isa = PBXFileReference; lastKnownFileType = sourcecode.swift; path = SidebarMainView.swift; sourceTree = "<group>"; };
		AC28BBBF2B0F98F600E071D3 /* MovieData.swift */ = {isa = PBXFileReference; lastKnownFileType = sourcecode.swift; path = MovieData.swift; sourceTree = "<group>"; };
/* End PBXFileReference section */

/* Begin PBXFrameworksBuildPhase section */
		AC28BBA52B0F736F00E071D3 /* Frameworks */ = {
			isa = PBXFrameworksBuildPhase;
			buildActionMask = 2147483647;
			files = (
			);
			runOnlyForDeploymentPostprocessing = 0;
		};
/* End PBXFrameworksBuildPhase section */

/* Begin PBXGroup section */
		AC28BB9F2B0F736F00E071D3 = {
			isa = PBXGroup;
			children = (
				AC28BBAA2B0F736F00E071D3 /* MovieCloneApp */,
				AC28BBA92B0F736F00E071D3 /* Products */,
			);
			sourceTree = "<group>";
		};
		AC28BBA92B0F736F00E071D3 /* Products */ = {
			isa = PBXGroup;
			children = (
				AC28BBA82B0F736F00E071D3 /* MovieCloneApp.app */,
			);
			name = Products;
			sourceTree = "<group>";
		};
		AC28BBAA2B0F736F00E071D3 /* MovieCloneApp */ = {
			isa = PBXGroup;
			children = (
				AC28BBAB2B0F736F00E071D3 /* MovieCloneAppApp.swift */,
				AC28BBAD2B0F736F00E071D3 /* ContentView.swift */,
				AC0316502B0F9E17004F7C41 /* MainView.swift */,
				AC28BBBE2B0F98C700E071D3 /* Model */,
				AC28BBB92B0F961100E071D3 /* View */,
				AC28BBAF2B0F737000E071D3 /* Assets.xcassets */,
				AC28BBB12B0F737000E071D3 /* Preview Content */,
			);
			path = MovieCloneApp;
			sourceTree = "<group>";
		};
		AC28BBB12B0F737000E071D3 /* Preview Content */ = {
			isa = PBXGroup;
			children = (
				AC28BBB22B0F737000E071D3 /* Preview Assets.xcassets */,
			);
			path = "Preview Content";
			sourceTree = "<group>";
		};
		AC28BBB92B0F961100E071D3 /* View */ = {
			isa = PBXGroup;
			children = (
				AC0316522B0F9ECE004F7C41 /* MovieCell.swift */,
				AC0316562B0FA796004F7C41 /* readmoreView.swift */,
				AC0316542B0FA58D004F7C41 /* MovieDetailMain.swift */,
				AC28BBBA2B0F961800E071D3 /* Sidebar */,
			);
			path = View;
			sourceTree = "<group>";
		};
		AC28BBBA2B0F961800E071D3 /* Sidebar */ = {
			isa = PBXGroup;
			children = (
				AC28BBBB2B0F965000E071D3 /* SidebarMainView.swift */,
			);
			name = Sidebar;
			path = "../New Group/Sidebar";
			sourceTree = "<group>";
		};
		AC28BBBE2B0F98C700E071D3 /* Model */ = {
			isa = PBXGroup;
			children = (
				AC28BBBF2B0F98F600E071D3 /* MovieData.swift */,
				AC0316582B0FA9AE004F7C41 /* AVPlayer.swift */,
				AC03165A2B0FAA23004F7C41 /* AVPlayermodel.swift */,
			);
			path = Model;
			sourceTree = "<group>";
		};
/* End PBXGroup section */

/* Begin PBXNativeTarget section */
		AC28BBA72B0F736F00E071D3 /* MovieCloneApp */ = {
			isa = PBXNativeTarget;
			buildConfigurationList = AC28BBB62B0F737000E071D3 /* Build configuration list for PBXNativeTarget "MovieCloneApp" */;
			buildPhases = (
				AC28BBA42B0F736F00E071D3 /* Sources */,
				AC28BBA52B0F736F00E071D3 /* Frameworks */,
				AC28BBA62B0F736F00E071D3 /* Resources */,
			);
			buildRules = (
			);
			dependencies = (
			);
			name = MovieCloneApp;
			productName = MovieCloneApp;
			productReference = AC28BBA82B0F736F00E071D3 /* MovieCloneApp.app */;
			productType = "com.apple.product-type.application";
		};
/* End PBXNativeTarget section */

/* Begin PBXProject section */
		AC28BBA02B0F736F00E071D3 /* Project object */ = {
			isa = PBXProject;
			attributes = {
				BuildIndependentTargetsInParallel = 1;
				LastSwiftUpdateCheck = 1500;
				LastUpgradeCheck = 1500;
				TargetAttributes = {
					AC28BBA72B0F736F00E071D3 = {
						CreatedOnToolsVersion = 15.0.1;
					};
				};
			};
			buildConfigurationList = AC28BBA32B0F736F00E071D3 /* Build configuration list for PBXProject "MovieCloneApp" */;
			compatibilityVersion = "Xcode 14.0";
			developmentRegion = en;
			hasScannedForEncodings = 0;
			knownRegions = (
				en,
				Base,
			);
			mainGroup = AC28BB9F2B0F736F00E071D3;
			productRefGroup = AC28BBA92B0F736F00E071D3 /* Products */;
			projectDirPath = "";
			projectRoot = "";
			targets = (
				AC28BBA72B0F736F00E071D3 /* MovieCloneApp */,
			);
		};
/* End PBXProject section */

/* Begin PBXResourcesBuildPhase section */
		AC28BBA62B0F736F00E071D3 /* Resources */ = {
			isa = PBXResourcesBuildPhase;
			buildActionMask = 2147483647;
			files = (
				AC28BBB32B0F737000E071D3 /* Preview Assets.xcassets in Resources */,
				AC28BBB02B0F737000E071D3 /* Assets.xcassets in Resources */,
			);
			runOnlyForDeploymentPostprocessing = 0;
		};
/* End PBXResourcesBuildPhase section */

/* Begin PBXSourcesBuildPhase section */
		AC28BBA42B0F736F00E071D3 /* Sources */ = {
			isa = PBXSourcesBuildPhase;
			buildActionMask = 2147483647;
			files = (
				AC28BBC02B0F98F600E071D3 /* MovieData.swift in Sources */,
				AC28BBAE2B0F736F00E071D3 /* ContentView.swift in Sources */,
				AC0316592B0FA9AE004F7C41 /* AVPlayer.swift in Sources */,
				AC03165B2B0FAA23004F7C41 /* AVPlayermodel.swift in Sources */,
				AC0316552B0FA58D004F7C41 /* MovieDetailMain.swift in Sources */,
				AC0316532B0F9ECE004F7C41 /* MovieCell.swift in Sources */,
				AC28BBAC2B0F736F00E071D3 /* MovieCloneAppApp.swift in Sources */,
				AC0316512B0F9E17004F7C41 /* MainView.swift in Sources */,
				AC28BBBC2B0F965000E071D3 /* SidebarMainView.swift in Sources */,
				AC0316572B0FA796004F7C41 /* readmoreView.swift in Sources */,
			);
			runOnlyForDeploymentPostprocessing = 0;
		};
/* End PBXSourcesBuildPhase section */

/* Begin XCBuildConfiguration section */
		AC28BBB42B0F737000E071D3 /* Debug */ = {
			isa = XCBuildConfiguration;
			buildSettings = {
				ALWAYS_SEARCH_USER_PATHS = NO;
				ASSETCATALOG_COMPILER_GENERATE_SWIFT_ASSET_SYMBOL_EXTENSIONS = YES;
				CLANG_ANALYZER_NONNULL = YES;
				CLANG_ANALYZER_NUMBER_OBJECT_CONVERSION = YES_AGGRESSIVE;
				CLANG_CXX_LANGUAGE_STANDARD = "gnu++20";
				CLANG_ENABLE_MODULES = YES;
				CLANG_ENABLE_OBJC_ARC = YES;
				CLANG_ENABLE_OBJC_WEAK = YES;
				CLANG_WARN_BLOCK_CAPTURE_AUTORELEASING = YES;
				CLANG_WARN_BOOL_CONVERSION = YES;
				CLANG_WARN_COMMA = YES;
				CLANG_WARN_CONSTANT_CONVERSION = YES;
				CLANG_WARN_DEPRECATED_OBJC_IMPLEMENTATIONS = YES;
				CLANG_WARN_DIRECT_OBJC_ISA_USAGE = YES_ERROR;
				CLANG_WARN_DOCUMENTATION_COMMENTS = YES;
				CLANG_WARN_EMPTY_BODY = YES;
				CLANG_WARN_ENUM_CONVERSION = YES;
				CLANG_WARN_INFINITE_RECURSION = YES;
				CLANG_WARN_INT_CONVERSION = YES;
				CLANG_WARN_NON_LITERAL_NULL_CONVERSION = YES;
				CLANG_WARN_OBJC_IMPLICIT_RETAIN_SELF = YES;
				CLANG_WARN_OBJC_LITERAL_CONVERSION = YES;
				CLANG_WARN_OBJC_ROOT_CLASS = YES_ERROR;
				CLANG_WARN_QUOTED_INCLUDE_IN_FRAMEWORK_HEADER = YES;
				CLANG_WARN_RANGE_LOOP_ANALYSIS = YES;
				CLANG_WARN_STRICT_PROTOTYPES = YES;
				CLANG_WARN_SUSPICIOUS_MOVE = YES;
				CLANG_WARN_UNGUARDED_AVAILABILITY = YES_AGGRESSIVE;
				CLANG_WARN_UNREACHABLE_CODE = YES;
				CLANG_WARN__DUPLICATE_METHOD_MATCH = YES;
				COPY_PHASE_STRIP = NO;
				DEBUG_INFORMATION_FORMAT = dwarf;
				ENABLE_STRICT_OBJC_MSGSEND = YES;
				ENABLE_TESTABILITY = YES;
				ENABLE_USER_SCRIPT_SANDBOXING = YES;
				GCC_C_LANGUAGE_STANDARD = gnu17;
				GCC_DYNAMIC_NO_PIC = NO;
				GCC_NO_COMMON_BLOCKS = YES;
				GCC_OPTIMIZATION_LEVEL = 0;
				GCC_PREPROCESSOR_DEFINITIONS = (
					"DEBUG=1",
					"$(inherited)",
				);
				GCC_WARN_64_TO_32_BIT_CONVERSION = YES;
				GCC_WARN_ABOUT_RETURN_TYPE = YES_ERROR;
				GCC_WARN_UNDECLARED_SELECTOR = YES;
				GCC_WARN_UNINITIALIZED_AUTOS = YES_AGGRESSIVE;
				GCC_WARN_UNUSED_FUNCTION = YES;
				GCC_WARN_UNUSED_VARIABLE = YES;
				IPHONEOS_DEPLOYMENT_TARGET = 17.0;
				LOCALIZATION_PREFERS_STRING_CATALOGS = YES;
				MTL_ENABLE_DEBUG_INFO = INCLUDE_SOURCE;
				MTL_FAST_MATH = YES;
				ONLY_ACTIVE_ARCH = YES;
				SDKROOT = iphoneos;
				SWIFT_ACTIVE_COMPILATION_CONDITIONS = "DEBUG $(inherited)";
				SWIFT_OPTIMIZATION_LEVEL = "-Onone";
			};
			name = Debug;
		};
		AC28BBB52B0F737000E071D3 /* Release */ = {
			isa = XCBuildConfiguration;
			buildSettings = {
				ALWAYS_SEARCH_USER_PATHS = NO;
				ASSETCATALOG_COMPILER_GENERATE_SWIFT_ASSET_SYMBOL_EXTENSIONS = YES;
				CLANG_ANALYZER_NONNULL = YES;
				CLANG_ANALYZER_NUMBER_OBJECT_CONVERSION = YES_AGGRESSIVE;
				CLANG_CXX_LANGUAGE_STANDARD = "gnu++20";
				CLANG_ENABLE_MODULES = YES;
				CLANG_ENABLE_OBJC_ARC = YES;
				CLANG_ENABLE_OBJC_WEAK = YES;
				CLANG_WARN_BLOCK_CAPTURE_AUTORELEASING = YES;
				CLANG_WARN_BOOL_CONVERSION = YES;
				CLANG_WARN_COMMA = YES;
				CLANG_WARN_CONSTANT_CONVERSION = YES;
				CLANG_WARN_DEPRECATED_OBJC_IMPLEMENTATIONS = YES;
				CLANG_WARN_DIRECT_OBJC_ISA_USAGE = YES_ERROR;
				CLANG_WARN_DOCUMENTATION_COMMENTS = YES;
				CLANG_WARN_EMPTY_BODY = YES;
				CLANG_WARN_ENUM_CONVERSION = YES;
				CLANG_WARN_INFINITE_RECURSION = YES;
				CLANG_WARN_INT_CONVERSION = YES;
				CLANG_WARN_NON_LITERAL_NULL_CONVERSION = YES;
				CLANG_WARN_OBJC_IMPLICIT_RETAIN_SELF = YES;
				CLANG_WARN_OBJC_LITERAL_CONVERSION = YES;
				CLANG_WARN_OBJC_ROOT_CLASS = YES_ERROR;
				CLANG_WARN_QUOTED_INCLUDE_IN_FRAMEWORK_HEADER = YES;
				CLANG_WARN_RANGE_LOOP_ANALYSIS = YES;
				CLANG_WARN_STRICT_PROTOTYPES = YES;
				CLANG_WARN_SUSPICIOUS_MOVE = YES;
				CLANG_WARN_UNGUARDED_AVAILABILITY = YES_AGGRESSIVE;
				CLANG_WARN_UNREACHABLE_CODE = YES;
				CLANG_WARN__DUPLICATE_METHOD_MATCH = YES;
				COPY_PHASE_STRIP = NO;
				DEBUG_INFORMATION_FORMAT = "dwarf-with-dsym";
				ENABLE_NS_ASSERTIONS = NO;
				ENABLE_STRICT_OBJC_MSGSEND = YES;
				ENABLE_USER_SCRIPT_SANDBOXING = YES;
				GCC_C_LANGUAGE_STANDARD = gnu17;
				GCC_NO_COMMON_BLOCKS = YES;
				GCC_WARN_64_TO_32_BIT_CONVERSION = YES;
				GCC_WARN_ABOUT_RETURN_TYPE = YES_ERROR;
				GCC_WARN_UNDECLARED_SELECTOR = YES;
				GCC_WARN_UNINITIALIZED_AUTOS = YES_AGGRESSIVE;
				GCC_WARN_UNUSED_FUNCTION = YES;
				GCC_WARN_UNUSED_VARIABLE = YES;
				IPHONEOS_DEPLOYMENT_TARGET = 17.0;
				LOCALIZATION_PREFERS_STRING_CATALOGS = YES;
				MTL_ENABLE_DEBUG_INFO = NO;
				MTL_FAST_MATH = YES;
				SDKROOT = iphoneos;
				SWIFT_COMPILATION_MODE = wholemodule;
				VALIDATE_PRODUCT = YES;
			};
			name = Release;
		};
		AC28BBB72B0F737000E071D3 /* Debug */ = {
			isa = XCBuildConfiguration;
			buildSettings = {
				ASSETCATALOG_COMPILER_APPICON_NAME = AppIcon;
				ASSETCATALOG_COMPILER_GLOBAL_ACCENT_COLOR_NAME = AccentColor;
				CODE_SIGN_STYLE = Automatic;
				CURRENT_PROJECT_VERSION = 1;
				DEVELOPMENT_ASSET_PATHS = "\"MovieCloneApp/Preview Content\"";
				DEVELOPMENT_TEAM = 8N7YRTC92N;
				ENABLE_PREVIEWS = YES;
				GENERATE_INFOPLIST_FILE = YES;
				INFOPLIST_KEY_UIApplicationSceneManifest_Generation = YES;
				INFOPLIST_KEY_UIApplicationSupportsIndirectInputEvents = YES;
				INFOPLIST_KEY_UILaunchScreen_Generation = YES;
				INFOPLIST_KEY_UISupportedInterfaceOrientations_iPad = "UIInterfaceOrientationPortrait UIInterfaceOrientationPortraitUpsideDown UIInterfaceOrientationLandscapeLeft UIInterfaceOrientationLandscapeRight";
				INFOPLIST_KEY_UISupportedInterfaceOrientations_iPhone = "UIInterfaceOrientationPortrait UIInterfaceOrientationLandscapeLeft UIInterfaceOrientationLandscapeRight";
				LD_RUNPATH_SEARCH_PATHS = (
					"$(inherited)",
					"@executable_path/Frameworks",
				);
				MARKETING_VERSION = 1.0;
				PRODUCT_BUNDLE_IDENTIFIER = backster.com.MovieCloneApp;
				PRODUCT_NAME = "$(TARGET_NAME)";
				SWIFT_EMIT_LOC_STRINGS = YES;
				SWIFT_VERSION = 5.0;
				TARGETED_DEVICE_FAMILY = "1,2";
			};
			name = Debug;
		};
		AC28BBB82B0F737000E071D3 /* Release */ = {
			isa = XCBuildConfiguration;
			buildSettings = {
				ASSETCATALOG_COMPILER_APPICON_NAME = AppIcon;
				ASSETCATALOG_COMPILER_GLOBAL_ACCENT_COLOR_NAME = AccentColor;
				CODE_SIGN_STYLE = Automatic;
				CURRENT_PROJECT_VERSION = 1;
				DEVELOPMENT_ASSET_PATHS = "\"MovieCloneApp/Preview Content\"";
				DEVELOPMENT_TEAM = 8N7YRTC92N;
				ENABLE_PREVIEWS = YES;
				GENERATE_INFOPLIST_FILE = YES;
				INFOPLIST_KEY_UIApplicationSceneManifest_Generation = YES;
				INFOPLIST_KEY_UIApplicationSupportsIndirectInputEvents = YES;
				INFOPLIST_KEY_UILaunchScreen_Generation = YES;
				INFOPLIST_KEY_UISupportedInterfaceOrientations_iPad = "UIInterfaceOrientationPortrait UIInterfaceOrientationPortraitUpsideDown UIInterfaceOrientationLandscapeLeft UIInterfaceOrientationLandscapeRight";
				INFOPLIST_KEY_UISupportedInterfaceOrientations_iPhone = "UIInterfaceOrientationPortrait UIInterfaceOrientationLandscapeLeft UIInterfaceOrientationLandscapeRight";
				LD_RUNPATH_SEARCH_PATHS = (
					"$(inherited)",
					"@executable_path/Frameworks",
				);
				MARKETING_VERSION = 1.0;
				PRODUCT_BUNDLE_IDENTIFIER = backster.com.MovieCloneApp;
				PRODUCT_NAME = "$(TARGET_NAME)";
				SWIFT_EMIT_LOC_STRINGS = YES;
				SWIFT_VERSION = 5.0;
				TARGETED_DEVICE_FAMILY = "1,2";
			};
			name = Release;
		};
/* End XCBuildConfiguration section */

/* Begin XCConfigurationList section */
		AC28BBA32B0F736F00E071D3 /* Build configuration list for PBXProject "MovieCloneApp" */ = {
			isa = XCConfigurationList;
			buildConfigurations = (
				AC28BBB42B0F737000E071D3 /* Debug */,
				AC28BBB52B0F737000E071D3 /* Release */,
			);
			defaultConfigurationIsVisible = 0;
			defaultConfigurationName = Release;
		};
		AC28BBB62B0F737000E071D3 /* Build configuration list for PBXNativeTarget "MovieCloneApp" */ = {
			isa = XCConfigurationList;
			buildConfigurations = (
				AC28BBB72B0F737000E071D3 /* Debug */,
				AC28BBB82B0F737000E071D3 /* Release */,
			);
			defaultConfigurationIsVisible = 0;
			defaultConfigurationName = Release;
		};
/* End XCConfigurationList section */
	};
	rootObject = AC28BBA02B0F736F00E071D3 /* Project object */;
}
